PODS:
  - Alamofire (4.7.3)
  - JVFloatLabeledTextField (1.2.1)
  - TPMGCommon (0.2.1)

DEPENDENCIES:
  - Alamofire (from `https://github.com/Alamofire/Alamofire`)
  - JVFloatLabeledTextField
  - TPMGCommon (from `https://github.kp.org/TPMG/TPMGCommon.git`)

SPEC REPOS:
  https://github.com/cocoapods/specs.git:
    - JVFloatLabeledTextField

EXTERNAL SOURCES:
  Alamofire:
    :git: https://github.com/Alamofire/Alamofire
  TPMGCommon:
    :git: https://github.kp.org/TPMG/TPMGCommon.git

CHECKOUT OPTIONS:
  Alamofire:
    :commit: 85badad3170652de2aa0469fb6570e00b10ae340
    :git: https://github.com/Alamofire/Alamofire
  TPMGCommon:
    :commit: 344072980747b5207691faa3e48fc1a7a5941b11
    :git: https://github.kp.org/TPMG/TPMGCommon.git

SPEC CHECKSUMS:
  Alamofire: c7287b6e5d7da964a70935e5db17046b7fde6568
  JVFloatLabeledTextField: cfc44e3c4d493b2ed92ede8035e8e89c2912ba64
  TPMGCommon: 61d96ebccddc94339e425e4d7ace5e4de0d04c16

PODFILE CHECKSUM: 67427888a216a78af33a423a1bc13e1e1100a3b0

COCOAPODS: 1.5.3
